
Microsoft Visual Studio Solution File, Format Version 12.00
# Visual Studio Version 16
VisualStudioVersion = 16.0.32002.261
MinimumVisualStudioVersion = 10.0.40219.1
Project("{FAE04EC0-301F-11D3-BF4B-00C04F79EFBC}") = "WebApplication7", "WebApplication7\WebApplication7.csproj", "{2825F677-081F-4D23-9A96-8A9F641522BE}"
EndProject
Global
	GlobalSection(SolutionConfigurationPlatforms) = preSolution
		Debug|Any CPU = Debug|Any CPU
		Release|Any CPU = Release|Any CPU
	EndGlobalSection
	GlobalSection(ProjectConfigurationPlatforms) = postSolution
		{2825F677-081F-4D23-9A96-8A9F641522BE}.Debug|Any CPU.ActiveCfg = Debug|Any CPU
		{2825F677-081F-4D23-9A96-8A9F641522BE}.Debug|Any CPU.Build.0 = Debug|Any CPU
		{2825F677-081F-4D23-9A96-8A9F641522BE}.Release|Any CPU.ActiveCfg = Release|Any CPU
		{2825F677-081F-4D23-9A96-8A9F641522BE}.Release|Any CPU.Build.0 = Release|Any CPU
	EndGlobalSection
	GlobalSection(SolutionProperties) = preSolution
		HideSolutionNode = FALSE
	EndGlobalSection
	GlobalSection(ExtensibilityGlobals) = postSolution
		SolutionGuid = {1A267FF0-27EE-484E-B02A-2D3FD05EB81D}
	EndGlobalSection
EndGlobal
